// !$*UTF8*$!
{
	archiveVersion = 1;
	classes = {
	};
	objectVersion = 46;
	objects = {

/* Begin PBXBuildFile section */
		95D156F419421DE8003FDA63 /* Foundation.framework in Frameworks */ = {isa = PBXBuildFile; fileRef = 95D156F319421DE8003FDA63 /* Foundation.framework */; };
		95D156F619421DE8003FDA63 /* CoreGraphics.framework in Frameworks */ = {isa = PBXBuildFile; fileRef = 95D156F519421DE8003FDA63 /* CoreGraphics.framework */; };
		95D156F819421DE8003FDA63 /* UIKit.framework in Frameworks */ = {isa = PBXBuildFile; fileRef = 95D156F719421DE8003FDA63 /* UIKit.framework */; };
		95D156FE19421DE8003FDA63 /* InfoPlist.strings in Resources */ = {isa = PBXBuildFile; fileRef = 95D156FC19421DE8003FDA63 /* InfoPlist.strings */; };
		95D1570019421DE8003FDA63 /* main.m in Sources */ = {isa = PBXBuildFile; fileRef = 95D156FF19421DE8003FDA63 /* main.m */; };
		95D1570419421DE8003FDA63 /* M0606AppDelegate.m in Sources */ = {isa = PBXBuildFile; fileRef = 95D1570319421DE8003FDA63 /* M0606AppDelegate.m */; };
		95D1570719421DE8003FDA63 /* Main.storyboard in Resources */ = {isa = PBXBuildFile; fileRef = 95D1570519421DE8003FDA63 /* Main.storyboard */; };
		95D1570A19421DE8003FDA63 /* M0606ViewController.m in Sources */ = {isa = PBXBuildFile; fileRef = 95D1570919421DE8003FDA63 /* M0606ViewController.m */; };
		95D1570C19421DE8003FDA63 /* Images.xcassets in Resources */ = {isa = PBXBuildFile; fileRef = 95D1570B19421DE8003FDA63 /* Images.xcassets */; };
		95D1571319421DE8003FDA63 /* XCTest.framework in Frameworks */ = {isa = PBXBuildFile; fileRef = 95D1571219421DE8003FDA63 /* XCTest.framework */; };
		95D1571419421DE8003FDA63 /* Foundation.framework in Frameworks */ = {isa = PBXBuildFile; fileRef = 95D156F319421DE8003FDA63 /* Foundation.framework */; };
		95D1571519421DE8003FDA63 /* UIKit.framework in Frameworks */ = {isa = PBXBuildFile; fileRef = 95D156F719421DE8003FDA63 /* UIKit.framework */; };
		95D1571D19421DE8003FDA63 /* InfoPlist.strings in Resources */ = {isa = PBXBuildFile; fileRef = 95D1571B19421DE8003FDA63 /* InfoPlist.strings */; };
		95D1571F19421DE8003FDA63 /* locationTests.m in Sources */ = {isa = PBXBuildFile; fileRef = 95D1571E19421DE8003FDA63 /* locationTests.m */; };
		95D1572919421E2A003FDA63 /* CoreLocation.framework in Frameworks */ = {isa = PBXBuildFile; fileRef = 95D1572819421E2A003FDA63 /* CoreLocation.framework */; };
		95D1572B19448C1C003FDA63 /* MapKit.framework in Frameworks */ = {isa = PBXBuildFile; fileRef = 95D1572A19448C1C003FDA63 /* MapKit.framework */; };
/* End PBXBuildFile section */

/* Begin PBXContainerItemProxy section */
		95D1571619421DE8003FDA63 /* PBXContainerItemProxy */ = {
			isa = PBXContainerItemProxy;
			containerPortal = 95D156E819421DE8003FDA63 /* Project object */;
			proxyType = 1;
			remoteGlobalIDString = 95D156EF19421DE8003FDA63;
			remoteInfo = location;
		};
/* End PBXContainerItemProxy section */

/* Begin PBXFileReference section */
		95D156F019421DE8003FDA63 /* location.app */ = {isa = PBXFileReference; explicitFileType = wrapper.application; includeInIndex = 0; path = location.app; sourceTree = BUILT_PRODUCTS_DIR; };
		95D156F319421DE8003FDA63 /* Foundation.framework */ = {isa = PBXFileReference; lastKnownFileType = wrapper.framework; name = Foundation.framework; path = System/Library/Frameworks/Foundation.framework; sourceTree = SDKROOT; };
		95D156F519421DE8003FDA63 /* CoreGraphics.framework */ = {isa = PBXFileReference; lastKnownFileType = wrapper.framework; name = CoreGraphics.framework; path = System/Library/Frameworks/CoreGraphics.framework; sourceTree = SDKROOT; };
		95D156F719421DE8003FDA63 /* UIKit.framework */ = {isa = PBXFileReference; lastKnownFileType = wrapper.framework; name = UIKit.framework; path = System/Library/Frameworks/UIKit.framework; sourceTree = SDKROOT; };
		95D156FB19421DE8003FDA63 /* location-Info.plist */ = {isa = PBXFileReference; lastKnownFileType = text.plist.xml; path = "location-Info.plist"; sourceTree = "<group>"; };
		95D156FD19421DE8003FDA63 /* en */ = {isa = PBXFileReference; lastKnownFileType = text.plist.strings; name = en; path = en.lproj/InfoPlist.strings; sourceTree = "<group>"; };
		95D156FF19421DE8003FDA63 /* main.m */ = {isa = PBXFileReference; lastKnownFileType = sourcecode.c.objc; path = main.m; sourceTree = "<group>"; };
		95D1570119421DE8003FDA63 /* location-Prefix.pch */ = {isa = PBXFileReference; lastKnownFileType = sourcecode.c.h; path = "location-Prefix.pch"; sourceTree = "<group>"; };
		95D1570219421DE8003FDA63 /* M0606AppDelegate.h */ = {isa = PBXFileReference; lastKnownFileType = sourcecode.c.h; path = M0606AppDelegate.h; sourceTree = "<group>"; };
		95D1570319421DE8003FDA63 /* M0606AppDelegate.m */ = {isa = PBXFileReference; lastKnownFileType = sourcecode.c.objc; path = M0606AppDelegate.m; sourceTree = "<group>"; };
		95D1570619421DE8003FDA63 /* Base */ = {isa = PBXFileReference; lastKnownFileType = file.storyboard; name = Base; path = Base.lproj/Main.storyboard; sourceTree = "<group>"; };
		95D1570819421DE8003FDA63 /* M0606ViewController.h */ = {isa = PBXFileReference; lastKnownFileType = sourcecode.c.h; path = M0606ViewController.h; sourceTree = "<group>"; };
		95D1570919421DE8003FDA63 /* M0606ViewController.m */ = {isa = PBXFileReference; lastKnownFileType = sourcecode.c.objc; path = M0606ViewController.m; sourceTree = "<group>"; };
		95D1570B19421DE8003FDA63 /* Images.xcassets */ = {isa = PBXFileReference; lastKnownFileType = folder.assetcatalog; path = Images.xcassets; sourceTree = "<group>"; };
		95D1571119421DE8003FDA63 /* locationTests.xctest */ = {isa = PBXFileReference; explicitFileType = wrapper.cfbundle; includeInIndex = 0; path = locationTests.xctest; sourceTree = BUILT_PRODUCTS_DIR; };
		95D1571219421DE8003FDA63 /* XCTest.framework */ = {isa = PBXFileReference; lastKnownFileType = wrapper.framework; name = XCTest.framework; path = Library/Frameworks/XCTest.framework; sourceTree = DEVELOPER_DIR; };
		95D1571A19421DE8003FDA63 /* locationTests-Info.plist */ = {isa = PBXFileReference; lastKnownFileType = text.plist.xml; path = "locationTests-Info.plist"; sourceTree = "<group>"; };
		95D1571C19421DE8003FDA63 /* en */ = {isa = PBXFileReference; lastKnownFileType = text.plist.strings; name = en; path = en.lproj/InfoPlist.strings; sourceTree = "<group>"; };
		95D1571E19421DE8003FDA63 /* locationTests.m */ = {isa = PBXFileReference; lastKnownFileType = sourcecode.c.objc; path = locationTests.m; sourceTree = "<group>"; };
		95D1572819421E2A003FDA63 /* CoreLocation.framework */ = {isa = PBXFileReference; lastKnownFileType = wrapper.framework; name = CoreLocation.framework; path = System/Library/Frameworks/CoreLocation.framework; sourceTree = SDKROOT; };
		95D1572A19448C1C003FDA63 /* MapKit.framework */ = {isa = PBXFileReference; lastKnownFileType = wrapper.framework; name = MapKit.framework; path = System/Library/Frameworks/MapKit.framework; sourceTree = SDKROOT; };
/* End PBXFileReference section */

/* Begin PBXFrameworksBuildPhase section */
		95D156ED19421DE8003FDA63 /* Frameworks */ = {
			isa = PBXFrameworksBuildPhase;
			buildActionMask = 2147483647;
			files = (
				95D1572B19448C1C003FDA63 /* MapKit.framework in Frameworks */,
				95D1572919421E2A003FDA63 /* CoreLocation.framework in Frameworks */,
				95D156F619421DE8003FDA63 /* CoreGraphics.framework in Frameworks */,
				95D156F819421DE8003FDA63 /* UIKit.framework in Frameworks */,
				95D156F419421DE8003FDA63 /* Foundation.framework in Frameworks */,
			);
			runOnlyForDeploymentPostprocessing = 0;
		};
		95D1570E19421DE8003FDA63 /* Frameworks */ = {
			isa = PBXFrameworksBuildPhase;
			buildActionMask = 2147483647;
			files = (
				95D1571319421DE8003FDA63 /* XCTest.framework in Frameworks */,
				95D1571519421DE8003FDA63 /* UIKit.framework in Frameworks */,
				95D1571419421DE8003FDA63 /* Foundation.framework in Frameworks */,
			);
			runOnlyForDeploymentPostprocessing = 0;
		};
/* End PBXFrameworksBuildPhase section */

/* Begin PBXGroup section */
		95D156E719421DE8003FDA63 = {
			isa = PBXGroup;
			children = (
				95D156F919421DE8003FDA63 /* location */,
				95D1571819421DE8003FDA63 /* locationTests */,
				95D156F219421DE8003FDA63 /* Frameworks */,
				95D156F119421DE8003FDA63 /* Products */,
			);
			sourceTree = "<group>";
		};
		95D156F119421DE8003FDA63 /* Products */ = {
			isa = PBXGroup;
			children = (
				95D156F019421DE8003FDA63 /* location.app */,
				95D1571119421DE8003FDA63 /* locationTests.xctest */,
			);
			name = Products;
			sourceTree = "<group>";
		};
		95D156F219421DE8003FDA63 /* Frameworks */ = {
			isa = PBXGroup;
			children = (
				95D1572A19448C1C003FDA63 /* MapKit.framework */,
				95D1572819421E2A003FDA63 /* CoreLocation.framework */,
				95D156F319421DE8003FDA63 /* Foundation.framework */,
				95D156F519421DE8003FDA63 /* CoreGraphics.framework */,
				95D156F719421DE8003FDA63 /* UIKit.framework */,
				95D1571219421DE8003FDA63 /* XCTest.framework */,
			);
			name = Frameworks;
			sourceTree = "<group>";
		};
		95D156F919421DE8003FDA63 /* location */ = {
			isa = PBXGroup;
			children = (
				95D1570219421DE8003FDA63 /* M0606AppDelegate.h */,
				95D1570319421DE8003FDA63 /* M0606AppDelegate.m */,
				95D1570519421DE8003FDA63 /* Main.storyboard */,
				95D1570819421DE8003FDA63 /* M0606ViewController.h */,
				95D1570919421DE8003FDA63 /* M0606ViewController.m */,
				95D1570B19421DE8003FDA63 /* Images.xcassets */,
				95D156FA19421DE8003FDA63 /* Supporting Files */,
			);
			path = location;
			sourceTree = "<group>";
		};
		95D156FA19421DE8003FDA63 /* Supporting Files */ = {
			isa = PBXGroup;
			children = (
				95D156FB19421DE8003FDA63 /* location-Info.plist */,
				95D156FC19421DE8003FDA63 /* InfoPlist.strings */,
				95D156FF19421DE8003FDA63 /* main.m */,
				95D1570119421DE8003FDA63 /* location-Prefix.pch */,
			);
			name = "Supporting Files";
			sourceTree = "<group>";
		};
		95D1571819421DE8003FDA63 /* locationTests */ = {
			isa = PBXGroup;
			children = (
				95D1571E19421DE8003FDA63 /* locationTests.m */,
				95D1571919421DE8003FDA63 /* Supporting Files */,
			);
			path = locationTests;
			sourceTree = "<group>";
		};
		95D1571919421DE8003FDA63 /* Supporting Files */ = {
			isa = PBXGroup;
			children = (
				95D1571A19421DE8003FDA63 /* locationTests-Info.plist */,
				95D1571B19421DE8003FDA63 /* InfoPlist.strings */,
			);
			name = "Supporting Files";
			sourceTree = "<group>";
		};
/* End PBXGroup section */

/* Begin PBXNativeTarget section */
		95D156EF19421DE8003FDA63 /* location */ = {
			isa = PBXNativeTarget;
			buildConfigurationList = 95D1572219421DE8003FDA63 /* Build configuration list for PBXNativeTarget "location" */;
			buildPhases = (
				95D156EC19421DE8003FDA63 /* Sources */,
				95D156ED19421DE8003FDA63 /* Frameworks */,
				95D156EE19421DE8003FDA63 /* Resources */,
			);
			buildRules = (
			);
			dependencies = (
			);
			name = location;
			productName = location;
			productReference = 95D156F019421DE8003FDA63 /* location.app */;
			productType = "com.apple.product-type.application";
		};
		95D1571019421DE8003FDA63 /* locationTests */ = {
			isa = PBXNativeTarget;
			buildConfigurationList = 95D1572519421DE8003FDA63 /* Build configuration list for PBXNativeTarget "locationTests" */;
			buildPhases = (
				95D1570D19421DE8003FDA63 /* Sources */,
				95D1570E19421DE8003FDA63 /* Frameworks */,
				95D1570F19421DE8003FDA63 /* Resources */,
			);
			buildRules = (
			);
			dependencies = (
				95D1571719421DE8003FDA63 /* PBXTargetDependency */,
			);
			name = locationTests;
			productName = locationTests;
			productReference = 95D1571119421DE8003FDA63 /* locationTests.xctest */;
			productType = "com.apple.product-type.bundle.unit-test";
		};
/* End PBXNativeTarget section */

/* Begin PBXProject section */
		95D156E819421DE8003FDA63 /* Project object */ = {
			isa = PBXProject;
			attributes = {
				CLASSPREFIX = M0606;
				LastUpgradeCheck = 0510;
				ORGANIZATIONNAME = Mango;
				TargetAttributes = {
					95D1571019421DE8003FDA63 = {
						TestTargetID = 95D156EF19421DE8003FDA63;
					};
				};
			};
			buildConfigurationList = 95D156EB19421DE8003FDA63 /* Build configuration list for PBXProject "location" */;
			compatibilityVersion = "Xcode 3.2";
			developmentRegion = English;
			hasScannedForEncodings = 0;
			knownRegions = (
				en,
				Base,
			);
			mainGroup = 95D156E719421DE8003FDA63;
			productRefGroup = 95D156F119421DE8003FDA63 /* Products */;
			projectDirPath = "";
			projectRoot = "";
			targets = (
				95D156EF19421DE8003FDA63 /* location */,
				95D1571019421DE8003FDA63 /* locationTests */,
			);
		};
/* End PBXProject section */

/* Begin PBXResourcesBuildPhase section */
		95D156EE19421DE8003FDA63 /* Resources */ = {
			isa = PBXResourcesBuildPhase;
			buildActionMask = 2147483647;
			files = (
				95D1570C19421DE8003FDA63 /* Images.xcassets in Resources */,
				95D156FE19421DE8003FDA63 /* InfoPlist.strings in Resources */,
				95D1570719421DE8003FDA63 /* Main.storyboard in Resources */,
			);
			runOnlyForDeploymentPostprocessing = 0;
		};
		95D1570F19421DE8003FDA63 /* Resources */ = {
			isa = PBXResourcesBuildPhase;
			buildActionMask = 2147483647;
			files = (
				95D1571D19421DE8003FDA63 /* InfoPlist.strings in Resources */,
			);
			runOnlyForDeploymentPostprocessing = 0;
		};
/* End PBXResourcesBuildPhase section */

/* Begin PBXSourcesBuildPhase section */
		95D156EC19421DE8003FDA63 /* Sources */ = {
			isa = PBXSourcesBuildPhase;
			buildActionMask = 2147483647;
			files = (
				95D1570419421DE8003FDA63 /* M0606AppDelegate.m in Sources */,
				95D1570A19421DE8003FDA63 /* M0606ViewController.m in Sources */,
				95D1570019421DE8003FDA63 /* main.m in Sources */,
			);
			runOnlyForDeploymentPostprocessing = 0;
		};
		95D1570D19421DE8003FDA63 /* Sources */ = {
			isa = PBXSourcesBuildPhase;
			buildActionMask = 2147483647;
			files = (
				95D1571F19421DE8003FDA63 /* locationTests.m in Sources */,
			);
			runOnlyForDeploymentPostprocessing = 0;
		};
/* End PBXSourcesBuildPhase section */

/* Begin PBXTargetDependency section */
		95D1571719421DE8003FDA63 /* PBXTargetDependency */ = {
			isa = PBXTargetDependency;
			target = 95D156EF19421DE8003FDA63 /* location */;
			targetProxy = 95D1571619421DE8003FDA63 /* PBXContainerItemProxy */;
		};
/* End PBXTargetDependency section */

/* Begin PBXVariantGroup section */
		95D156FC19421DE8003FDA63 /* InfoPlist.strings */ = {
			isa = PBXVariantGroup;
			children = (
				95D156FD19421DE8003FDA63 /* en */,
			);
			name = InfoPlist.strings;
			sourceTree = "<group>";
		};
		95D1570519421DE8003FDA63 /* Main.storyboard */ = {
			isa = PBXVariantGroup;
			children = (
				95D1570619421DE8003FDA63 /* Base */,
			);
			name = Main.storyboard;
			sourceTree = "<group>";
		};
		95D1571B19421DE8003FDA63 /* InfoPlist.strings */ = {
			isa = PBXVariantGroup;
			children = (
				95D1571C19421DE8003FDA63 /* en */,
			);
			name = InfoPlist.strings;
			sourceTree = "<group>";
		};
/* End PBXVariantGroup section */

/* Begin XCBuildConfiguration section */
		95D1572019421DE8003FDA63 /* Debug */ = {
			isa = XCBuildConfiguration;
			buildSettings = {
				ALWAYS_SEARCH_USER_PATHS = NO;
				CLANG_CXX_LANGUAGE_STANDARD = "gnu++0x";
				CLANG_CXX_LIBRARY = "libc++";
				CLANG_ENABLE_MODULES = YES;
				CLANG_ENABLE_OBJC_ARC = YES;
				CLANG_WARN_BOOL_CONVERSION = YES;
				CLANG_WARN_CONSTANT_CONVERSION = YES;
				CLANG_WARN_DIRECT_OBJC_ISA_USAGE = YES_ERROR;
				CLANG_WARN_EMPTY_BODY = YES;
				CLANG_WARN_ENUM_CONVERSION = YES;
				CLANG_WARN_INT_CONVERSION = YES;
				CLANG_WARN_OBJC_ROOT_CLASS = YES_ERROR;
				CLANG_WARN__DUPLICATE_METHOD_MATCH = YES;
				"CODE_SIGN_IDENTITY[sdk=iphoneos*]" = "iPhone Developer";
				COPY_PHASE_STRIP = NO;
				GCC_C_LANGUAGE_STANDARD = gnu99;
				GCC_DYNAMIC_NO_PIC = NO;
				GCC_OPTIMIZATION_LEVEL = 0;
				GCC_PREPROCESSOR_DEFINITIONS = (
					"DEBUG=1",
					"$(inherited)",
				);
				GCC_SYMBOLS_PRIVATE_EXTERN = NO;
				GCC_WARN_64_TO_32_BIT_CONVERSION = YES;
				GCC_WARN_ABOUT_RETURN_TYPE = YES_ERROR;
				GCC_WARN_UNDECLARED_SELECTOR = YES;
				GCC_WARN_UNINITIALIZED_AUTOS = YES_AGGRESSIVE;
				GCC_WARN_UNUSED_FUNCTION = YES;
				GCC_WARN_UNUSED_VARIABLE = YES;
				IPHONEOS_DEPLOYMENT_TARGET = 7.1;
				ONLY_ACTIVE_ARCH = YES;
				SDKROOT = iphoneos;
			};
			name = Debug;
		};
		95D1572119421DE8003FDA63 /* Release */ = {
			isa = XCBuildConfiguration;
			buildSettings = {
				ALWAYS_SEARCH_USER_PATHS = NO;
				CLANG_CXX_LANGUAGE_STANDARD = "gnu++0x";
				CLANG_CXX_LIBRARY = "libc++";
				CLANG_ENABLE_MODULES = YES;
				CLANG_ENABLE_OBJC_ARC = YES;
				CLANG_WARN_BOOL_CONVERSION = YES;
				CLANG_WARN_CONSTANT_CONVERSION = YES;
				CLANG_WARN_DIRECT_OBJC_ISA_USAGE = YES_ERROR;
				CLANG_WARN_EMPTY_BODY = YES;
				CLANG_WARN_ENUM_CONVERSION = YES;
				CLANG_WARN_INT_CONVERSION = YES;
				CLANG_WARN_OBJC_ROOT_CLASS = YES_ERROR;
				CLANG_WARN__DUPLICATE_METHOD_MATCH = YES;
				"CODE_SIGN_IDENTITY[sdk=iphoneos*]" = "iPhone Developer";
				COPY_PHASE_STRIP = YES;
				ENABLE_NS_ASSERTIONS = NO;
				GCC_C_LANGUAGE_STANDARD = gnu99;
				GCC_WARN_64_TO_32_BIT_CONVERSION = YES;
				GCC_WARN_ABOUT_RETURN_TYPE = YES_ERROR;
				GCC_WARN_UNDECLARED_SELECTOR = YES;
				GCC_WARN_UNINITIALIZED_AUTOS = YES_AGGRESSIVE;
				GCC_WARN_UNUSED_FUNCTION = YES;
				GCC_WARN_UNUSED_VARIABLE = YES;
				IPHONEOS_DEPLOYMENT_TARGET = 7.1;
				SDKROOT = iphoneos;
				VALIDATE_PRODUCT = YES;
			};
			name = Release;
		};
		95D1572319421DE8003FDA63 /* Debug */ = {
			isa = XCBuildConfiguration;
			buildSettings = {
				ASSETCATALOG_COMPILER_APPICON_NAME = AppIcon;
				ASSETCATALOG_COMPILER_LAUNCHIMAGE_NAME = LaunchImage;
				GCC_PRECOMPILE_PREFIX_HEADER = YES;
				GCC_PREFIX_HEADER = "location/location-Prefix.pch";
				INFOPLIST_FILE = "location/location-Info.plist";
				PRODUCT_NAME = "$(TARGET_NAME)";
				WRAPPER_EXTENSION = app;
			};
			name = Debug;
		};
		95D1572419421DE8003FDA63 /* Release */ = {
			isa = XCBuildConfiguration;
			buildSettings = {
				ASSETCATALOG_COMPILER_APPICON_NAME = AppIcon;
				ASSETCATALOG_COMPILER_LAUNCHIMAGE_NAME = LaunchImage;
				GCC_PRECOMPILE_PREFIX_HEADER = YES;
				GCC_PREFIX_HEADER = "location/location-Prefix.pch";
				INFOPLIST_FILE = "location/location-Info.plist";
				PRODUCT_NAME = "$(TARGET_NAME)";
				WRAPPER_EXTENSION = app;
			};
			name = Release;
		};
		95D1572619421DE8003FDA63 /* Debug */ = {
			isa = XCBuildConfiguration;
			buildSettings = {
				BUNDLE_LOADER = "$(BUILT_PRODUCTS_DIR)/location.app/location";
				FRAMEWORK_SEARCH_PATHS = (
					"$(SDKROOT)/Developer/Library/Frameworks",
					"$(inherited)",
					"$(DEVELOPER_FRAMEWORKS_DIR)",
				);
				GCC_PRECOMPILE_PREFIX_HEADER = YES;
				GCC_PREFIX_HEADER = "location/location-Prefix.pch";
				GCC_PREPROCESSOR_DEFINITIONS = (
					"DEBUG=1",
					"$(inherited)",
				);
				INFOPLIST_FILE = "locationTests/locationTests-Info.plist";
				PRODUCT_NAME = "$(TARGET_NAME)";
				TEST_HOST = "$(BUNDLE_LOADER)";
				WRAPPER_EXTENSION = xctest;
			};
			name = Debug;
		};
		95D1572719421DE8003FDA63 /* Release */ = {
			isa = XCBuildConfiguration;
			buildSettings = {
				BUNDLE_LOADER = "$(BUILT_PRODUCTS_DIR)/location.app/location";
				FRAMEWORK_SEARCH_PATHS = (
					"$(SDKROOT)/Developer/Library/Frameworks",
					"$(inherited)",
					"$(DEVELOPER_FRAMEWORKS_DIR)",
				);
				GCC_PRECOMPILE_PREFIX_HEADER = YES;
				GCC_PREFIX_HEADER = "location/location-Prefix.pch";
				INFOPLIST_FILE = "locationTests/locationTests-Info.plist";
				PRODUCT_NAME = "$(TARGET_NAME)";
				TEST_HOST = "$(BUNDLE_LOADER)";
				WRAPPER_EXTENSION = xctest;
			};
			name = Release;
		};
/* End XCBuildConfiguration section */

/* Begin XCConfigurationList section */
		95D156EB19421DE8003FDA63 /* Build configuration list for PBXProject "location" */ = {
			isa = XCConfigurationList;
			buildConfigurations = (
				95D1572019421DE8003FDA63 /* Debug */,
				95D1572119421DE8003FDA63 /* Release */,
			);
			defaultConfigurationIsVisible = 0;
			defaultConfigurationName = Release;
		};
		95D1572219421DE8003FDA63 /* Build configuration list for PBXNativeTarget "location" */ = {
			isa = XCConfigurationList;
			buildConfigurations = (
				95D1572319421DE8003FDA63 /* Debug */,
				95D1572419421DE8003FDA63 /* Release */,
			);
			defaultConfigurationIsVisible = 0;
			defaultConfigurationName = Release;
		};
		95D1572519421DE8003FDA63 /* Build configuration list for PBXNativeTarget "locationTests" */ = {
			isa = XCConfigurationList;
			buildConfigurations = (
				95D1572619421DE8003FDA63 /* Debug */,
				95D1572719421DE8003FDA63 /* Release */,
			);
			defaultConfigurationIsVisible = 0;
			defaultConfigurationName = Release;
		};
/* End XCConfigurationList section */
	};
	rootObject = 95D156E819421DE8003FDA63 /* Project object */;
}
